// !$*UTF8*$!
{
	archiveVersion = 1;
	classes = {
	};
	objectVersion = 46;
	objects = {

/* Begin PBXBuildFile section */
		5046D2C41E31539700DE5593 /* RxCocoa.framework in Frameworks */ = {isa = PBXBuildFile; fileRef = 5046D2C01E31539100DE5593 /* RxCocoa.framework */; };
		5046D2C51E31539700DE5593 /* RxCocoa.framework in Embed Frameworks */ = {isa = PBXBuildFile; fileRef = 5046D2C01E31539100DE5593 /* RxCocoa.framework */; settings = {ATTRIBUTES = (CodeSignOnCopy, RemoveHeadersOnCopy, ); }; };
		5046D2C61E31539700DE5593 /* RxSwift.framework in Frameworks */ = {isa = PBXBuildFile; fileRef = 5046D2C11E31539100DE5593 /* RxSwift.framework */; };
		5046D2C71E31539700DE5593 /* RxSwift.framework in Embed Frameworks */ = {isa = PBXBuildFile; fileRef = 5046D2C11E31539100DE5593 /* RxSwift.framework */; settings = {ATTRIBUTES = (CodeSignOnCopy, RemoveHeadersOnCopy, ); }; };
		7D08361D1E0A5FA20025EE5D /* AppDelegate.swift in Sources */ = {isa = PBXBuildFile; fileRef = 7D08361C1E0A5FA20025EE5D /* AppDelegate.swift */; };
		7D08361F1E0A5FA20025EE5D /* ViewController.swift in Sources */ = {isa = PBXBuildFile; fileRef = 7D08361E1E0A5FA20025EE5D /* ViewController.swift */; };
		7D0836221E0A5FA20025EE5D /* Main.storyboard in Resources */ = {isa = PBXBuildFile; fileRef = 7D0836201E0A5FA20025EE5D /* Main.storyboard */; };
		7D0836241E0A5FA20025EE5D /* Assets.xcassets in Resources */ = {isa = PBXBuildFile; fileRef = 7D0836231E0A5FA20025EE5D /* Assets.xcassets */; };
		7D0836271E0A5FA20025EE5D /* LaunchScreen.storyboard in Resources */ = {isa = PBXBuildFile; fileRef = 7D0836251E0A5FA20025EE5D /* LaunchScreen.storyboard */; };
		7D5B72391E0A62610027170C /* ViewState.swift in Sources */ = {isa = PBXBuildFile; fileRef = 7D5B72381E0A62610027170C /* ViewState.swift */; };
/* End PBXBuildFile section */

/* Begin PBXCopyFilesBuildPhase section */
		5046D2C81E31539700DE5593 /* Embed Frameworks */ = {
			isa = PBXCopyFilesBuildPhase;
			buildActionMask = 2147483647;
			dstPath = "";
			dstSubfolderSpec = 10;
			files = (
				5046D2C71E31539700DE5593 /* RxSwift.framework in Embed Frameworks */,
				5046D2C51E31539700DE5593 /* RxCocoa.framework in Embed Frameworks */,
			);
			name = "Embed Frameworks";
			runOnlyForDeploymentPostprocessing = 0;
		};
/* End PBXCopyFilesBuildPhase section */

/* Begin PBXFileReference section */
		5046D2C01E31539100DE5593 /* RxCocoa.framework */ = {isa = PBXFileReference; lastKnownFileType = wrapper.framework; name = RxCocoa.framework; path = Carthage/Build/iOS/RxCocoa.framework; sourceTree = "<group>"; };
		5046D2C11E31539100DE5593 /* RxSwift.framework */ = {isa = PBXFileReference; lastKnownFileType = wrapper.framework; name = RxSwift.framework; path = Carthage/Build/iOS/RxSwift.framework; sourceTree = "<group>"; };
		7D0836191E0A5FA20025EE5D /* ViewState.app */ = {isa = PBXFileReference; explicitFileType = wrapper.application; includeInIndex = 0; path = ViewState.app; sourceTree = BUILT_PRODUCTS_DIR; };
		7D08361C1E0A5FA20025EE5D /* AppDelegate.swift */ = {isa = PBXFileReference; lastKnownFileType = sourcecode.swift; path = AppDelegate.swift; sourceTree = "<group>"; };
		7D08361E1E0A5FA20025EE5D /* ViewController.swift */ = {isa = PBXFileReference; lastKnownFileType = sourcecode.swift; path = ViewController.swift; sourceTree = "<group>"; };
		7D0836211E0A5FA20025EE5D /* Base */ = {isa = PBXFileReference; lastKnownFileType = file.storyboard; name = Base; path = Base.lproj/Main.storyboard; sourceTree = "<group>"; };
		7D0836231E0A5FA20025EE5D /* Assets.xcassets */ = {isa = PBXFileReference; lastKnownFileType = folder.assetcatalog; path = Assets.xcassets; sourceTree = "<group>"; };
		7D0836261E0A5FA20025EE5D /* Base */ = {isa = PBXFileReference; lastKnownFileType = file.storyboard; name = Base; path = Base.lproj/LaunchScreen.storyboard; sourceTree = "<group>"; };
		7D0836281E0A5FA20025EE5D /* Info.plist */ = {isa = PBXFileReference; lastKnownFileType = text.plist.xml; path = Info.plist; sourceTree = "<group>"; };
		7D5B72381E0A62610027170C /* ViewState.swift */ = {isa = PBXFileReference; fileEncoding = 4; lastKnownFileType = sourcecode.swift; path = ViewState.swift; sourceTree = "<group>"; };
/* End PBXFileReference section */

/* Begin PBXFrameworksBuildPhase section */
		7D0836161E0A5FA10025EE5D /* Frameworks */ = {
			isa = PBXFrameworksBuildPhase;
			buildActionMask = 2147483647;
			files = (
				5046D2C61E31539700DE5593 /* RxSwift.framework in Frameworks */,
				5046D2C41E31539700DE5593 /* RxCocoa.framework in Frameworks */,
			);
			runOnlyForDeploymentPostprocessing = 0;
		};
/* End PBXFrameworksBuildPhase section */

/* Begin PBXGroup section */
		02830870728EC710FD9776C5 /* Frameworks */ = {
			isa = PBXGroup;
			children = (
				5046D2C01E31539100DE5593 /* RxCocoa.framework */,
				5046D2C11E31539100DE5593 /* RxSwift.framework */,
			);
			name = Frameworks;
			sourceTree = "<group>";
		};
		7D0836101E0A5FA10025EE5D = {
			isa = PBXGroup;
			children = (
				7D08361B1E0A5FA20025EE5D /* ViewState */,
				7D08361A1E0A5FA20025EE5D /* Products */,
				02830870728EC710FD9776C5 /* Frameworks */,
			);
			sourceTree = "<group>";
		};
		7D08361A1E0A5FA20025EE5D /* Products */ = {
			isa = PBXGroup;
			children = (
				7D0836191E0A5FA20025EE5D /* ViewState.app */,
			);
			name = Products;
			sourceTree = "<group>";
		};
		7D08361B1E0A5FA20025EE5D /* ViewState */ = {
			isa = PBXGroup;
			children = (
				7D08361C1E0A5FA20025EE5D /* AppDelegate.swift */,
				7D08361E1E0A5FA20025EE5D /* ViewController.swift */,
				7D0836201E0A5FA20025EE5D /* Main.storyboard */,
				7D0836231E0A5FA20025EE5D /* Assets.xcassets */,
				7D0836251E0A5FA20025EE5D /* LaunchScreen.storyboard */,
				7D0836281E0A5FA20025EE5D /* Info.plist */,
				7D5B72381E0A62610027170C /* ViewState.swift */,
			);
			path = ViewState;
			sourceTree = "<group>";
		};
/* End PBXGroup section */

/* Begin PBXNativeTarget section */
		7D0836181E0A5FA10025EE5D /* ViewState */ = {
			isa = PBXNativeTarget;
			buildConfigurationList = 7D08362B1E0A5FA20025EE5D /* Build configuration list for PBXNativeTarget "ViewState" */;
			buildPhases = (
				7D0836151E0A5FA10025EE5D /* Sources */,
				7D0836161E0A5FA10025EE5D /* Frameworks */,
				7D0836171E0A5FA10025EE5D /* Resources */,
				5046D2C81E31539700DE5593 /* Embed Frameworks */,
			);
			buildRules = (
			);
			dependencies = (
			);
			name = ViewState;
			productName = ViewState;
			productReference = 7D0836191E0A5FA20025EE5D /* ViewState.app */;
			productType = "com.apple.product-type.application";
		};
/* End PBXNativeTarget section */

/* Begin PBXProject section */
		7D0836111E0A5FA10025EE5D /* Project object */ = {
			isa = PBXProject;
			attributes = {
				LastSwiftUpdateCheck = 0810;
				LastUpgradeCheck = 0820;
				ORGANIZATIONNAME = jamiepinkham;
				TargetAttributes = {
					7D0836181E0A5FA10025EE5D = {
						CreatedOnToolsVersion = 8.1;
						DevelopmentTeam = NN8FCN229L;
						ProvisioningStyle = Automatic;
					};
				};
			};
			buildConfigurationList = 7D0836141E0A5FA10025EE5D /* Build configuration list for PBXProject "ViewState" */;
			compatibilityVersion = "Xcode 3.2";
			developmentRegion = English;
			hasScannedForEncodings = 0;
			knownRegions = (
				en,
				Base,
			);
			mainGroup = 7D0836101E0A5FA10025EE5D;
			productRefGroup = 7D08361A1E0A5FA20025EE5D /* Products */;
			projectDirPath = "";
			projectRoot = "";
			targets = (
				7D0836181E0A5FA10025EE5D /* ViewState */,
			);
		};
/* End PBXProject section */

/* Begin PBXResourcesBuildPhase section */
		7D0836171E0A5FA10025EE5D /* Resources */ = {
			isa = PBXResourcesBuildPhase;
			buildActionMask = 2147483647;
			files = (
				7D0836271E0A5FA20025EE5D /* LaunchScreen.storyboard in Resources */,
				7D0836241E0A5FA20025EE5D /* Assets.xcassets in Resources */,
				7D0836221E0A5FA20025EE5D /* Main.storyboard in Resources */,
			);
			runOnlyForDeploymentPostprocessing = 0;
		};
/* End PBXResourcesBuildPhase section */

/* Begin PBXSourcesBuildPhase section */
		7D0836151E0A5FA10025EE5D /* Sources */ = {
			isa = PBXSourcesBuildPhase;
			buildActionMask = 2147483647;
			files = (
				7D08361F1E0A5FA20025EE5D /* ViewController.swift in Sources */,
				7D08361D1E0A5FA20025EE5D /* AppDelegate.swift in Sources */,
				7D5B72391E0A62610027170C /* ViewState.swift in Sources */,
			);
			runOnlyForDeploymentPostprocessing = 0;
		};
/* End PBXSourcesBuildPhase section */

/* Begin PBXVariantGroup section */
		7D0836201E0A5FA20025EE5D /* Main.storyboard */ = {
			isa = PBXVariantGroup;
			children = (
				7D0836211E0A5FA20025EE5D /* Base */,
			);
			name = Main.storyboard;
			sourceTree = "<group>";
		};
		7D0836251E0A5FA20025EE5D /* LaunchScreen.storyboard */ = {
			isa = PBXVariantGroup;
			children = (
				7D0836261E0A5FA20025EE5D /* Base */,
			);
			name = LaunchScreen.storyboard;
			sourceTree = "<group>";
		};
/* End PBXVariantGroup section */

/* Begin XCBuildConfiguration section */
		7D0836291E0A5FA20025EE5D /* Debug */ = {
			isa = XCBuildConfiguration;
			buildSettings = {
				ALWAYS_SEARCH_USER_PATHS = NO;
				CLANG_ANALYZER_NONNULL = YES;
				CLANG_CXX_LANGUAGE_STANDARD = "gnu++0x";
				CLANG_CXX_LIBRARY = "libc++";
				CLANG_ENABLE_MODULES = YES;
				CLANG_ENABLE_OBJC_ARC = YES;
				CLANG_WARN_BOOL_CONVERSION = YES;
				CLANG_WARN_CONSTANT_CONVERSION = YES;
				CLANG_WARN_DIRECT_OBJC_ISA_USAGE = YES_ERROR;
				CLANG_WARN_DOCUMENTATION_COMMENTS = YES;
				CLANG_WARN_EMPTY_BODY = YES;
				CLANG_WARN_ENUM_CONVERSION = YES;
				CLANG_WARN_INFINITE_RECURSION = YES;
				CLANG_WARN_INT_CONVERSION = YES;
				CLANG_WARN_OBJC_ROOT_CLASS = YES_ERROR;
				CLANG_WARN_SUSPICIOUS_MOVE = YES;
				CLANG_WARN_SUSPICIOUS_MOVES = YES;
				CLANG_WARN_UNREACHABLE_CODE = YES;
				CLANG_WARN__DUPLICATE_METHOD_MATCH = YES;
				"CODE_SIGN_IDENTITY[sdk=iphoneos*]" = "iPhone Developer";
				COPY_PHASE_STRIP = NO;
				DEBUG_INFORMATION_FORMAT = dwarf;
				ENABLE_STRICT_OBJC_MSGSEND = YES;
				ENABLE_TESTABILITY = YES;
				GCC_C_LANGUAGE_STANDARD = gnu99;
				GCC_DYNAMIC_NO_PIC = NO;
				GCC_NO_COMMON_BLOCKS = YES;
				GCC_OPTIMIZATION_LEVEL = 0;
				GCC_PREPROCESSOR_DEFINITIONS = (
					"DEBUG=1",
					"$(inherited)",
				);
				GCC_WARN_64_TO_32_BIT_CONVERSION = YES;
				GCC_WARN_ABOUT_RETURN_TYPE = YES_ERROR;
				GCC_WARN_UNDECLARED_SELECTOR = YES;
				GCC_WARN_UNINITIALIZED_AUTOS = YES_AGGRESSIVE;
				GCC_WARN_UNUSED_FUNCTION = YES;
				GCC_WARN_UNUSED_VARIABLE = YES;
				IPHONEOS_DEPLOYMENT_TARGET = 10.1;
				MTL_ENABLE_DEBUG_INFO = YES;
				ONLY_ACTIVE_ARCH = YES;
				SDKROOT = iphoneos;
				SWIFT_ACTIVE_COMPILATION_CONDITIONS = DEBUG;
				SWIFT_OPTIMIZATION_LEVEL = "-Onone";
				TARGETED_DEVICE_FAMILY = "1,2";
			};
			name = Debug;
		};
		7D08362A1E0A5FA20025EE5D /* Release */ = {
			isa = XCBuildConfiguration;
			buildSettings = {
				ALWAYS_SEARCH_USER_PATHS = NO;
				CLANG_ANALYZER_NONNULL = YES;
				CLANG_CXX_LANGUAGE_STANDARD = "gnu++0x";
				CLANG_CXX_LIBRARY = "libc++";
				CLANG_ENABLE_MODULES = YES;
				CLANG_ENABLE_OBJC_ARC = YES;
				CLANG_WARN_BOOL_CONVERSION = YES;
				CLANG_WARN_CONSTANT_CONVERSION = YES;
				CLANG_WARN_DIRECT_OBJC_ISA_USAGE = YES_ERROR;
				CLANG_WARN_DOCUMENTATION_COMMENTS = YES;
				CLANG_WARN_EMPTY_BODY = YES;
				CLANG_WARN_ENUM_CONVERSION = YES;
				CLANG_WARN_INFINITE_RECURSION = YES;
				CLANG_WARN_INT_CONVERSION = YES;
				CLANG_WARN_OBJC_ROOT_CLASS = YES_ERROR;
				CLANG_WARN_SUSPICIOUS_MOVE = YES;
				CLANG_WARN_SUSPICIOUS_MOVES = YES;
				CLANG_WARN_UNREACHABLE_CODE = YES;
				CLANG_WARN__DUPLICATE_METHOD_MATCH = YES;
				"CODE_SIGN_IDENTITY[sdk=iphoneos*]" = "iPhone Developer";
				COPY_PHASE_STRIP = NO;
				DEBUG_INFORMATION_FORMAT = "dwarf-with-dsym";
				ENABLE_NS_ASSERTIONS = NO;
				ENABLE_STRICT_OBJC_MSGSEND = YES;
				GCC_C_LANGUAGE_STANDARD = gnu99;
				GCC_NO_COMMON_BLOCKS = YES;
				GCC_WARN_64_TO_32_BIT_CONVERSION = YES;
				GCC_WARN_ABOUT_RETURN_TYPE = YES_ERROR;
				GCC_WARN_UNDECLARED_SELECTOR = YES;
				GCC_WARN_UNINITIALIZED_AUTOS = YES_AGGRESSIVE;
				GCC_WARN_UNUSED_FUNCTION = YES;
				GCC_WARN_UNUSED_VARIABLE = YES;
				IPHONEOS_DEPLOYMENT_TARGET = 10.1;
				MTL_ENABLE_DEBUG_INFO = NO;
				SDKROOT = iphoneos;
				SWIFT_OPTIMIZATION_LEVEL = "-Owholemodule";
				TARGETED_DEVICE_FAMILY = "1,2";
				VALIDATE_PRODUCT = YES;
			};
			name = Release;
		};
		7D08362C1E0A5FA20025EE5D /* Debug */ = {
			isa = XCBuildConfiguration;
			buildSettings = {
				ASSETCATALOG_COMPILER_APPICON_NAME = AppIcon;
				DEVELOPMENT_TEAM = NN8FCN229L;
				FRAMEWORK_SEARCH_PATHS = (
					"$(inherited)",
					"$(PROJECT_DIR)/Carthage/Build/iOS",
				);
				INFOPLIST_FILE = ViewState/Info.plist;
				LD_RUNPATH_SEARCH_PATHS = "$(inherited) @executable_path/Frameworks";
				PRODUCT_BUNDLE_IDENTIFIER = com.jamiepinkham.ViewState;
				PRODUCT_NAME = "$(TARGET_NAME)";
				SWIFT_VERSION = 3.0;
			};
			name = Debug;
		};
		7D08362D1E0A5FA20025EE5D /* Release */ = {
			isa = XCBuildConfiguration;
			buildSettings = {
				ASSETCATALOG_COMPILER_APPICON_NAME = AppIcon;
				DEVELOPMENT_TEAM = NN8FCN229L;
				FRAMEWORK_SEARCH_PATHS = (
					"$(inherited)",
					"$(PROJECT_DIR)/Carthage/Build/iOS",
				);
				INFOPLIST_FILE = ViewState/Info.plist;
				LD_RUNPATH_SEARCH_PATHS = "$(inherited) @executable_path/Frameworks";
				PRODUCT_BUNDLE_IDENTIFIER = com.jamiepinkham.ViewState;
				PRODUCT_NAME = "$(TARGET_NAME)";
				SWIFT_VERSION = 3.0;
			};
			name = Release;
		};
/* End XCBuildConfiguration section */

/* Begin XCConfigurationList section */
		7D0836141E0A5FA10025EE5D /* Build configuration list for PBXProject "ViewState" */ = {
			isa = XCConfigurationList;
			buildConfigurations = (
				7D0836291E0A5FA20025EE5D /* Debug */,
				7D08362A1E0A5FA20025EE5D /* Release */,
			);
			defaultConfigurationIsVisible = 0;
			defaultConfigurationName = Release;
		};
		7D08362B1E0A5FA20025EE5D /* Build configuration list for PBXNativeTarget "ViewState" */ = {
			isa = XCConfigurationList;
			buildConfigurations = (
				7D08362C1E0A5FA20025EE5D /* Debug */,
				7D08362D1E0A5FA20025EE5D /* Release */,
			);
			defaultConfigurationIsVisible = 0;
			defaultConfigurationName = Release;
		};
/* End XCConfigurationList section */
	};
	rootObject = 7D0836111E0A5FA10025EE5D /* Project object */;
}
